
Microsoft Visual Studio Solution File, Format Version 12.00
# Visual Studio Version 17
VisualStudioVersion = 17.14.36603.0 d17.14
MinimumVisualStudioVersion = 10.0.40219.1
Project("{FAE04EC0-301F-11D3-BF4B-00C04F79EFBC}") = "my-sparkle-api", "my-sparkle-api\my-sparkle-api.csproj", "{948B1A26-57EA-4AC0-96B7-9257943B53B1}"
EndProject
Global
	GlobalSection(SolutionConfigurationPlatforms) = preSolution
		Debug|Any CPU = Debug|Any CPU
		Release|Any CPU = Release|Any CPU
	EndGlobalSection
	GlobalSection(ProjectConfigurationPlatforms) = postSolution
		{948B1A26-57EA-4AC0-96B7-9257943B53B1}.Debug|Any CPU.ActiveCfg = Debug|Any CPU
		{948B1A26-57EA-4AC0-96B7-9257943B53B1}.Debug|Any CPU.Build.0 = Debug|Any CPU
		{948B1A26-57EA-4AC0-96B7-9257943B53B1}.Release|Any CPU.ActiveCfg = Release|Any CPU
		{948B1A26-57EA-4AC0-96B7-9257943B53B1}.Release|Any CPU.Build.0 = Release|Any CPU
	EndGlobalSection
	GlobalSection(SolutionProperties) = preSolution
		HideSolutionNode = FALSE
	EndGlobalSection
	GlobalSection(ExtensibilityGlobals) = postSolution
		SolutionGuid = {ED1A5ED4-8697-4272-BEC1-5F277A2A567F}
	EndGlobalSection
EndGlobal
